// !$*UTF8*$!
{
	archiveVersion = 1;
	classes = {
	};
	objectVersion = 77;
	objects = {

/* Begin PBXBuildFile section */
		A10000000000000000000001 /* AppReadiness.swift in Sources */ = {isa = PBXBuildFile; fileRef = A20000000000000000000001 /* AppReadiness.swift */; };
		A10000000000000000000002 /* HobMacShell.swift in Sources */ = {isa = PBXBuildFile; fileRef = A20000000000000000000002 /* HobMacShell.swift */; };
		B10000000000000000000001 /* BackgroundService.swift in Sources */ = {isa = PBXBuildFile; fileRef = B20000000000000000000001 /* BackgroundService.swift */; };
		B10000000000000000000002 /* SharedStorage.swift in Sources */ = {isa = PBXBuildFile; fileRef = B20000000000000000000002 /* SharedStorage.swift */; };
		B10000000000000000000003 /* BackgroundServiceController.swift in Sources */ = {isa = PBXBuildFile; fileRef = B20000000000000000000003 /* BackgroundServiceController.swift */; };
		B10000000000000000000004 /* BackgroundService.swift in Agent Sources */ = {isa = PBXBuildFile; fileRef = B20000000000000000000001 /* BackgroundService.swift */; };
		B10000000000000000000005 /* SharedStorage.swift in Agent Sources */ = {isa = PBXBuildFile; fileRef = B20000000000000000000002 /* SharedStorage.swift */; };
		B10000000000000000000006 /* HobAgent.swift in Agent Sources */ = {isa = PBXBuildFile; fileRef = B20000000000000000000004 /* HobAgent.swift */; };
		B10000000000000000000007 /* HobAgent.app in Embed Login Items */ = {isa = PBXBuildFile; fileRef = B20000000000000000000005 /* HobAgent.app */; settings = {ATTRIBUTES = (CodeSignOnCopy, RemoveHeadersOnCopy, ); }; };
		C10000000000000000000001 /* ModelReadiness.swift in Sources */ = {isa = PBXBuildFile; fileRef = C20000000000000000000001 /* ModelReadiness.swift */; };
		C10000000000000000000002 /* FoundationModelController.swift in Sources */ = {isa = PBXBuildFile; fileRef = C20000000000000000000002 /* FoundationModelController.swift */; };
		C10000000000000000000003 /* main.swift in Model Tool Sources */ = {isa = PBXBuildFile; fileRef = C20000000000000000000003 /* main.swift */; };
		C10000000000000000000004 /* HobFoundationBridge in Embed Model Tool */ = {isa = PBXBuildFile; fileRef = C20000000000000000000005 /* HobFoundationBridge */; settings = {ATTRIBUTES = (CodeSignOnCopy, ); }; };
		D10000000000000000000001 /* TaskRuntime.swift in Sources */ = {isa = PBXBuildFile; fileRef = D20000000000000000000001 /* TaskRuntime.swift */; };
		D10000000000000000000002 /* TaskRuntime.swift in Agent Sources */ = {isa = PBXBuildFile; fileRef = D20000000000000000000001 /* TaskRuntime.swift */; };
/* End PBXBuildFile section */

/* Begin PBXContainerItemProxy section */
		B00000000000000000000001 /* PBXContainerItemProxy */ = {
			isa = PBXContainerItemProxy;
			containerPortal = A70000000000000000000001 /* Project object */;
			proxyType = 1;
			remoteGlobalIDString = B50000000000000000000001;
			remoteInfo = HobAgent;
		};
		C00000000000000000000001 /* PBXContainerItemProxy */ = {
			isa = PBXContainerItemProxy;
			containerPortal = A70000000000000000000001 /* Project object */;
			proxyType = 1;
			remoteGlobalIDString = C50000000000000000000001;
			remoteInfo = HobFoundationBridge;
		};
/* End PBXContainerItemProxy section */

/* Begin PBXCopyFilesBuildPhase section */
		B60000000000000000000004 /* Embed Login Items */ = {
			isa = PBXCopyFilesBuildPhase;
			buildActionMask = 2147483647;
			dstPath = Contents/Library/LoginItems;
			dstSubfolderSpec = 1;
			files = (
				B10000000000000000000007 /* HobAgent.app in Embed Login Items */,
			);
			name = "Embed Login Items";
			runOnlyForDeploymentPostprocessing = 0;
		};
		C60000000000000000000003 /* Embed Model Tool */ = {
			isa = PBXCopyFilesBuildPhase;
			buildActionMask = 2147483647;
			dstPath = Contents/MacOS;
			dstSubfolderSpec = 1;
			files = (
				C10000000000000000000004 /* HobFoundationBridge in Embed Model Tool */,
			);
			name = "Embed Model Tool";
			runOnlyForDeploymentPostprocessing = 0;
		};
/* End PBXCopyFilesBuildPhase section */

/* Begin PBXFileReference section */
		A20000000000000000000001 /* AppReadiness.swift */ = {isa = PBXFileReference; lastKnownFileType = sourcecode.swift; name = AppReadiness.swift; path = ../HobAppFoundation/Sources/HobAppCore/AppReadiness.swift; sourceTree = "<group>"; };
		A20000000000000000000002 /* HobMacShell.swift */ = {isa = PBXFileReference; lastKnownFileType = sourcecode.swift; name = HobMacShell.swift; path = ../HobAppFoundation/Sources/HobMacShell/HobMacShell.swift; sourceTree = "<group>"; };
		A20000000000000000000003 /* Hob.app */ = {isa = PBXFileReference; explicitFileType = wrapper.application; includeInIndex = 0; path = Hob.app; sourceTree = BUILT_PRODUCTS_DIR; };
		A20000000000000000000004 /* Info.plist */ = {isa = PBXFileReference; lastKnownFileType = text.plist.xml; name = Info.plist; path = ../HobAppFoundation/AppStore/Info.plist; sourceTree = "<group>"; };
		A20000000000000000000005 /* HobMacShell.entitlements */ = {isa = PBXFileReference; lastKnownFileType = text.plist.entitlements; name = HobMacShell.entitlements; path = ../HobAppFoundation/AppStore/HobMacShell.entitlements; sourceTree = "<group>"; };
		B20000000000000000000001 /* BackgroundService.swift */ = {isa = PBXFileReference; lastKnownFileType = sourcecode.swift; name = BackgroundService.swift; path = ../HobAppFoundation/Sources/HobAppCore/BackgroundService.swift; sourceTree = "<group>"; };
		B20000000000000000000002 /* SharedStorage.swift */ = {isa = PBXFileReference; lastKnownFileType = sourcecode.swift; name = SharedStorage.swift; path = ../HobAppFoundation/Sources/HobAppCore/SharedStorage.swift; sourceTree = "<group>"; };
		B20000000000000000000003 /* BackgroundServiceController.swift */ = {isa = PBXFileReference; lastKnownFileType = sourcecode.swift; name = BackgroundServiceController.swift; path = ../HobAppFoundation/Sources/HobMacShell/BackgroundServiceController.swift; sourceTree = "<group>"; };
		B20000000000000000000004 /* HobAgent.swift */ = {isa = PBXFileReference; lastKnownFileType = sourcecode.swift; name = HobAgent.swift; path = ../HobAppFoundation/Sources/HobAgent/HobAgent.swift; sourceTree = "<group>"; };
		B20000000000000000000005 /* HobAgent.app */ = {isa = PBXFileReference; explicitFileType = wrapper.application; includeInIndex = 0; path = HobAgent.app; sourceTree = BUILT_PRODUCTS_DIR; };
		B20000000000000000000006 /* HobAgent-Info.plist */ = {isa = PBXFileReference; lastKnownFileType = text.plist.xml; name = "HobAgent-Info.plist"; path = ../HobAppFoundation/AppStore/HobAgent-Info.plist; sourceTree = "<group>"; };
		B20000000000000000000007 /* HobAgent.entitlements */ = {isa = PBXFileReference; lastKnownFileType = text.plist.entitlements; name = HobAgent.entitlements; path = ../HobAppFoundation/AppStore/HobAgent.entitlements; sourceTree = "<group>"; };
		C20000000000000000000001 /* ModelReadiness.swift */ = {isa = PBXFileReference; lastKnownFileType = sourcecode.swift; name = ModelReadiness.swift; path = ../HobAppFoundation/Sources/HobAppCore/ModelReadiness.swift; sourceTree = "<group>"; };
		C20000000000000000000002 /* FoundationModelController.swift */ = {isa = PBXFileReference; lastKnownFileType = sourcecode.swift; name = FoundationModelController.swift; path = ../HobAppFoundation/Sources/HobMacShell/FoundationModelController.swift; sourceTree = "<group>"; };
		C20000000000000000000003 /* main.swift */ = {isa = PBXFileReference; lastKnownFileType = sourcecode.swift; name = "FoundationBridge-main.swift"; path = ../HobAppFoundation/Sources/HobFoundationBridge/main.swift; sourceTree = "<group>"; };
		C20000000000000000000004 /* HobFoundationBridge.entitlements */ = {isa = PBXFileReference; lastKnownFileType = text.plist.entitlements; name = HobFoundationBridge.entitlements; path = ../HobAppFoundation/AppStore/HobFoundationBridge.entitlements; sourceTree = "<group>"; };
		C20000000000000000000005 /* HobFoundationBridge */ = {isa = PBXFileReference; explicitFileType = "compiled.mach-o.executable"; includeInIndex = 0; path = HobFoundationBridge; sourceTree = BUILT_PRODUCTS_DIR; };
		D20000000000000000000001 /* TaskRuntime.swift */ = {isa = PBXFileReference; lastKnownFileType = sourcecode.swift; name = TaskRuntime.swift; path = ../HobAppFoundation/Sources/HobAppCore/TaskRuntime.swift; sourceTree = "<group>"; };
/* End PBXFileReference section */

/* Begin PBXFrameworksBuildPhase section */
		A30000000000000000000001 /* Frameworks */ = {
			isa = PBXFrameworksBuildPhase;
			buildActionMask = 2147483647;
			files = (
			);
			runOnlyForDeploymentPostprocessing = 0;
		};
		B30000000000000000000001 /* Agent Frameworks */ = {
			isa = PBXFrameworksBuildPhase;
			buildActionMask = 2147483647;
			files = (
			);
			runOnlyForDeploymentPostprocessing = 0;
		};
		C30000000000000000000001 /* Model Tool Frameworks */ = {
			isa = PBXFrameworksBuildPhase;
			buildActionMask = 2147483647;
			files = (
			);
			runOnlyForDeploymentPostprocessing = 0;
		};
/* End PBXFrameworksBuildPhase section */

/* Begin PBXGroup section */
		A40000000000000000000001 = {
			isa = PBXGroup;
			children = (
				A40000000000000000000002 /* Sources */,
				A40000000000000000000003 /* Configuration */,
				A40000000000000000000004 /* Products */,
			);
			sourceTree = "<group>";
		};
		A40000000000000000000002 /* Sources */ = {
			isa = PBXGroup;
			children = (
				A20000000000000000000001 /* AppReadiness.swift */,
				A20000000000000000000002 /* HobMacShell.swift */,
				B20000000000000000000001 /* BackgroundService.swift */,
				B20000000000000000000002 /* SharedStorage.swift */,
				B20000000000000000000003 /* BackgroundServiceController.swift */,
				B20000000000000000000004 /* HobAgent.swift */,
				C20000000000000000000001 /* ModelReadiness.swift */,
				C20000000000000000000002 /* FoundationModelController.swift */,
				C20000000000000000000003 /* main.swift */,
				D20000000000000000000001 /* TaskRuntime.swift */,
			);
			name = Sources;
			sourceTree = "<group>";
		};
		A40000000000000000000003 /* Configuration */ = {
			isa = PBXGroup;
			children = (
				A20000000000000000000004 /* Info.plist */,
				A20000000000000000000005 /* HobMacShell.entitlements */,
				B20000000000000000000006 /* HobAgent-Info.plist */,
				B20000000000000000000007 /* HobAgent.entitlements */,
				C20000000000000000000004 /* HobFoundationBridge.entitlements */,
			);
			name = Configuration;
			sourceTree = "<group>";
		};
		A40000000000000000000004 /* Products */ = {
			isa = PBXGroup;
			children = (
				A20000000000000000000003 /* Hob.app */,
				B20000000000000000000005 /* HobAgent.app */,
				C20000000000000000000005 /* HobFoundationBridge */,
			);
			name = Products;
			sourceTree = "<group>";
		};
/* End PBXGroup section */

/* Begin PBXNativeTarget section */
		A50000000000000000000001 /* Hob */ = {
			isa = PBXNativeTarget;
			buildConfigurationList = A80000000000000000000002 /* Build configuration list for PBXNativeTarget "Hob" */;
			buildPhases = (
				A60000000000000000000001 /* Sources */,
				A30000000000000000000001 /* Frameworks */,
				A60000000000000000000002 /* Resources */,
				B60000000000000000000004 /* Embed Login Items */,
			);
			buildRules = (
			);
			dependencies = (
				B70000000000000000000001 /* PBXTargetDependency */,
			);
			name = Hob;
			productName = Hob;
			productReference = A20000000000000000000003 /* Hob.app */;
			productType = "com.apple.product-type.application";
		};
		B50000000000000000000001 /* HobAgent */ = {
			isa = PBXNativeTarget;
			buildConfigurationList = B80000000000000000000001 /* Build configuration list for PBXNativeTarget "HobAgent" */;
			buildPhases = (
				B60000000000000000000001 /* Agent Sources */,
				B30000000000000000000001 /* Agent Frameworks */,
				B60000000000000000000002 /* Agent Resources */,
				C60000000000000000000003 /* Embed Model Tool */,
			);
			buildRules = (
			);
			dependencies = (
				C70000000000000000000001 /* PBXTargetDependency */,
			);
			name = HobAgent;
			productName = HobAgent;
			productReference = B20000000000000000000005 /* HobAgent.app */;
			productType = "com.apple.product-type.application";
		};
		C50000000000000000000001 /* HobFoundationBridge */ = {
			isa = PBXNativeTarget;
			buildConfigurationList = C80000000000000000000001 /* Build configuration list for PBXNativeTarget "HobFoundationBridge" */;
			buildPhases = (
				C60000000000000000000001 /* Model Tool Sources */,
				C30000000000000000000001 /* Model Tool Frameworks */,
			);
			buildRules = (
			);
			dependencies = (
			);
			name = HobFoundationBridge;
			productName = HobFoundationBridge;
			productReference = C20000000000000000000005 /* HobFoundationBridge */;
			productType = "com.apple.product-type.tool";
		};
/* End PBXNativeTarget section */

/* Begin PBXProject section */
		A70000000000000000000001 /* Project object */ = {
			isa = PBXProject;
			attributes = {
				BuildIndependentTargetsInParallel = 1;
				LastSwiftUpdateCheck = 2660;
				LastUpgradeCheck = 2660;
				TargetAttributes = {
					A50000000000000000000001 = {
						CreatedOnToolsVersion = 26.6;
					};
					B50000000000000000000001 = {
						CreatedOnToolsVersion = 26.6;
					};
					C50000000000000000000001 = {
						CreatedOnToolsVersion = 26.6;
					};
				};
			};
			buildConfigurationList = A80000000000000000000001 /* Build configuration list for PBXProject "HobMacApp" */;
			developmentRegion = en;
			hasScannedForEncodings = 0;
			knownRegions = (
				en,
				Base,
			);
			mainGroup = A40000000000000000000001;
			minimizedProjectReferenceProxies = 1;
			preferredProjectObjectVersion = 77;
			productRefGroup = A40000000000000000000004 /* Products */;
			projectDirPath = "";
			projectRoot = "";
			targets = (
				A50000000000000000000001 /* Hob */,
				B50000000000000000000001 /* HobAgent */,
				C50000000000000000000001 /* HobFoundationBridge */,
			);
		};
/* End PBXProject section */

/* Begin PBXResourcesBuildPhase section */
		A60000000000000000000002 /* Resources */ = {
			isa = PBXResourcesBuildPhase;
			buildActionMask = 2147483647;
			files = (
			);
			runOnlyForDeploymentPostprocessing = 0;
		};
		B60000000000000000000002 /* Agent Resources */ = {
			isa = PBXResourcesBuildPhase;
			buildActionMask = 2147483647;
			files = (
			);
			runOnlyForDeploymentPostprocessing = 0;
		};
/* End PBXResourcesBuildPhase section */

/* Begin PBXSourcesBuildPhase section */
		A60000000000000000000001 /* Sources */ = {
			isa = PBXSourcesBuildPhase;
			buildActionMask = 2147483647;
			files = (
				A10000000000000000000001 /* AppReadiness.swift in Sources */,
				A10000000000000000000002 /* HobMacShell.swift in Sources */,
				B10000000000000000000001 /* BackgroundService.swift in Sources */,
				B10000000000000000000002 /* SharedStorage.swift in Sources */,
				B10000000000000000000003 /* BackgroundServiceController.swift in Sources */,
				C10000000000000000000001 /* ModelReadiness.swift in Sources */,
				C10000000000000000000002 /* FoundationModelController.swift in Sources */,
				D10000000000000000000001 /* TaskRuntime.swift in Sources */,
			);
			runOnlyForDeploymentPostprocessing = 0;
		};
		B60000000000000000000001 /* Agent Sources */ = {
			isa = PBXSourcesBuildPhase;
			buildActionMask = 2147483647;
			files = (
				B10000000000000000000004 /* BackgroundService.swift in Agent Sources */,
				B10000000000000000000005 /* SharedStorage.swift in Agent Sources */,
				B10000000000000000000006 /* HobAgent.swift in Agent Sources */,
				D10000000000000000000002 /* TaskRuntime.swift in Agent Sources */,
			);
			runOnlyForDeploymentPostprocessing = 0;
		};
		C60000000000000000000001 /* Model Tool Sources */ = {
			isa = PBXSourcesBuildPhase;
			buildActionMask = 2147483647;
			files = (
				C10000000000000000000003 /* main.swift in Model Tool Sources */,
			);
			runOnlyForDeploymentPostprocessing = 0;
		};
/* End PBXSourcesBuildPhase section */

/* Begin PBXTargetDependency section */
		B70000000000000000000001 /* PBXTargetDependency */ = {
			isa = PBXTargetDependency;
			target = B50000000000000000000001 /* HobAgent */;
			targetProxy = B00000000000000000000001 /* PBXContainerItemProxy */;
		};
		C70000000000000000000001 /* PBXTargetDependency */ = {
			isa = PBXTargetDependency;
			target = C50000000000000000000001 /* HobFoundationBridge */;
			targetProxy = C00000000000000000000001 /* PBXContainerItemProxy */;
		};
/* End PBXTargetDependency section */

/* Begin XCBuildConfiguration section */
		A90000000000000000000001 /* Debug */ = {
			isa = XCBuildConfiguration;
			buildSettings = {
				CLANG_ENABLE_MODULES = YES;
				MACOSX_DEPLOYMENT_TARGET = 26.0;
				SDKROOT = macosx;
				SWIFT_VERSION = 6.0;
			};
			name = Debug;
		};
		A90000000000000000000002 /* Release */ = {
			isa = XCBuildConfiguration;
			buildSettings = {
				CLANG_ENABLE_MODULES = YES;
				MACOSX_DEPLOYMENT_TARGET = 26.0;
				SDKROOT = macosx;
				SWIFT_COMPILATION_MODE = wholemodule;
				SWIFT_OPTIMIZATION_LEVEL = "-O";
				SWIFT_VERSION = 6.0;
			};
			name = Release;
		};
		A90000000000000000000003 /* Debug */ = {
			isa = XCBuildConfiguration;
			buildSettings = {
				CODE_SIGN_ENTITLEMENTS = ../HobAppFoundation/AppStore/HobMacShell.entitlements;
				CODE_SIGN_STYLE = Automatic;
				COMBINE_HIDPI_IMAGES = YES;
				CURRENT_PROJECT_VERSION = 1;
				ENABLE_APP_SANDBOX = YES;
				ENABLE_HARDENED_RUNTIME = YES;
				GENERATE_INFOPLIST_FILE = NO;
				INFOPLIST_FILE = ../HobAppFoundation/AppStore/Info.plist;
				LD_RUNPATH_SEARCH_PATHS = (
					"$(inherited)",
					"@executable_path/../Frameworks",
				);
				MARKETING_VERSION = 0.1;
				PRODUCT_BUNDLE_IDENTIFIER = com.josephadamski.hob;
				PRODUCT_NAME = Hob;
				SWIFT_EMIT_LOC_STRINGS = YES;
			};
			name = Debug;
		};
		A90000000000000000000004 /* Release */ = {
			isa = XCBuildConfiguration;
			buildSettings = {
				CODE_SIGN_ENTITLEMENTS = ../HobAppFoundation/AppStore/HobMacShell.entitlements;
				CODE_SIGN_STYLE = Automatic;
				COMBINE_HIDPI_IMAGES = YES;
				CURRENT_PROJECT_VERSION = 1;
				ENABLE_APP_SANDBOX = YES;
				ENABLE_HARDENED_RUNTIME = YES;
				GENERATE_INFOPLIST_FILE = NO;
				INFOPLIST_FILE = ../HobAppFoundation/AppStore/Info.plist;
				LD_RUNPATH_SEARCH_PATHS = (
					"$(inherited)",
					"@executable_path/../Frameworks",
				);
				MARKETING_VERSION = 0.1;
				PRODUCT_BUNDLE_IDENTIFIER = com.josephadamski.hob;
				PRODUCT_NAME = Hob;
				SWIFT_EMIT_LOC_STRINGS = YES;
			};
			name = Release;
		};
		B90000000000000000000001 /* Debug */ = {
			isa = XCBuildConfiguration;
			buildSettings = {
				CODE_SIGN_ENTITLEMENTS = ../HobAppFoundation/AppStore/HobAgent.entitlements;
				CODE_SIGN_STYLE = Automatic;
				CURRENT_PROJECT_VERSION = 1;
				ENABLE_APP_SANDBOX = YES;
				ENABLE_HARDENED_RUNTIME = YES;
				GENERATE_INFOPLIST_FILE = NO;
				INFOPLIST_FILE = ../HobAppFoundation/AppStore/HobAgent-Info.plist;
				LD_RUNPATH_SEARCH_PATHS = (
					"$(inherited)",
					"@executable_path/../Frameworks",
				);
				MARKETING_VERSION = 0.1;
				PRODUCT_BUNDLE_IDENTIFIER = com.josephadamski.hob.agent;
				PRODUCT_NAME = HobAgent;
				SKIP_INSTALL = YES;
				SWIFT_EMIT_LOC_STRINGS = NO;
			};
			name = Debug;
		};
		B90000000000000000000002 /* Release */ = {
			isa = XCBuildConfiguration;
			buildSettings = {
				CODE_SIGN_ENTITLEMENTS = ../HobAppFoundation/AppStore/HobAgent.entitlements;
				CODE_SIGN_STYLE = Automatic;
				CURRENT_PROJECT_VERSION = 1;
				ENABLE_APP_SANDBOX = YES;
				ENABLE_HARDENED_RUNTIME = YES;
				GENERATE_INFOPLIST_FILE = NO;
				INFOPLIST_FILE = ../HobAppFoundation/AppStore/HobAgent-Info.plist;
				LD_RUNPATH_SEARCH_PATHS = (
					"$(inherited)",
					"@executable_path/../Frameworks",
				);
				MARKETING_VERSION = 0.1;
				PRODUCT_BUNDLE_IDENTIFIER = com.josephadamski.hob.agent;
				PRODUCT_NAME = HobAgent;
				SKIP_INSTALL = YES;
				SWIFT_EMIT_LOC_STRINGS = NO;
			};
			name = Release;
		};
		C90000000000000000000001 /* Debug */ = {
			isa = XCBuildConfiguration;
			buildSettings = {
				CODE_SIGN_ENTITLEMENTS = ../HobAppFoundation/AppStore/HobFoundationBridge.entitlements;
				CODE_SIGN_INJECT_BASE_ENTITLEMENTS = NO;
				CODE_SIGN_STYLE = Automatic;
				ENABLE_APP_SANDBOX = YES;
				ENABLE_HARDENED_RUNTIME = YES;
				OTHER_CODE_SIGN_FLAGS = "$(inherited) -i $(PRODUCT_BUNDLE_IDENTIFIER)";
				OTHER_SWIFT_FLAGS = "$(inherited) -parse-as-library";
				PRODUCT_BUNDLE_IDENTIFIER = com.josephadamski.hob.foundationbridge;
				PRODUCT_NAME = HobFoundationBridge;
				SKIP_INSTALL = YES;
			};
			name = Debug;
		};
		C90000000000000000000002 /* Release */ = {
			isa = XCBuildConfiguration;
			buildSettings = {
				CODE_SIGN_ENTITLEMENTS = ../HobAppFoundation/AppStore/HobFoundationBridge.entitlements;
				CODE_SIGN_INJECT_BASE_ENTITLEMENTS = NO;
				CODE_SIGN_STYLE = Automatic;
				ENABLE_APP_SANDBOX = YES;
				ENABLE_HARDENED_RUNTIME = YES;
				OTHER_CODE_SIGN_FLAGS = "$(inherited) -i $(PRODUCT_BUNDLE_IDENTIFIER)";
				OTHER_SWIFT_FLAGS = "$(inherited) -parse-as-library";
				PRODUCT_BUNDLE_IDENTIFIER = com.josephadamski.hob.foundationbridge;
				PRODUCT_NAME = HobFoundationBridge;
				SKIP_INSTALL = YES;
			};
			name = Release;
		};
/* End XCBuildConfiguration section */

/* Begin XCConfigurationList section */
		A80000000000000000000001 /* Build configuration list for PBXProject "HobMacApp" */ = {
			isa = XCConfigurationList;
			buildConfigurations = (
				A90000000000000000000001 /* Debug */,
				A90000000000000000000002 /* Release */,
			);
			defaultConfigurationIsVisible = 0;
			defaultConfigurationName = Release;
		};
		A80000000000000000000002 /* Build configuration list for PBXNativeTarget "Hob" */ = {
			isa = XCConfigurationList;
			buildConfigurations = (
				A90000000000000000000003 /* Debug */,
				A90000000000000000000004 /* Release */,
			);
			defaultConfigurationIsVisible = 0;
			defaultConfigurationName = Release;
		};
		B80000000000000000000001 /* Build configuration list for PBXNativeTarget "HobAgent" */ = {
			isa = XCConfigurationList;
			buildConfigurations = (
				B90000000000000000000001 /* Debug */,
				B90000000000000000000002 /* Release */,
			);
			defaultConfigurationIsVisible = 0;
			defaultConfigurationName = Release;
		};
		C80000000000000000000001 /* Build configuration list for PBXNativeTarget "HobFoundationBridge" */ = {
			isa = XCConfigurationList;
			buildConfigurations = (
				C90000000000000000000001 /* Debug */,
				C90000000000000000000002 /* Release */,
			);
			defaultConfigurationIsVisible = 0;
			defaultConfigurationName = Release;
		};
/* End XCConfigurationList section */
	};
	rootObject = A70000000000000000000001 /* Project object */;
}
